// !$*UTF8*$!
{
	archiveVersion = 1;
	classes = {
	};
	objectVersion = 46;
	objects = {

/* Begin PBXFileReference section */
		B6E1B0CC195641070029197E /* .DS_Store */ = {isa = PBXFileReference; lastKnownFileType = file; path = .DS_Store; sourceTree = "<group>"; };
		B6E1B0CD195641070029197E /* .git */ = {isa = PBXFileReference; lastKnownFileType = folder; path = .git; sourceTree = "<group>"; };
		B6E1B0CE195641070029197E /* .gitignore */ = {isa = PBXFileReference; lastKnownFileType = text; path = .gitignore; sourceTree = "<group>"; };
		B6E1B0CF195641070029197E /* Makefile */ = {isa = PBXFileReference; lastKnownFileType = sourcecode.make; path = Makefile; sourceTree = "<group>"; };
		B6E1B0D0195641070029197E /* obj */ = {isa = PBXFileReference; lastKnownFileType = folder; path = obj; sourceTree = "<group>"; };
		B6E1B0D1195641070029197E /* README.md */ = {isa = PBXFileReference; lastKnownFileType = text; path = README.md; sourceTree = "<group>"; };
		B6E1B0D2195641070029197E /* res */ = {isa = PBXFileReference; lastKnownFileType = folder; path = res; sourceTree = "<group>"; };
		B6E1B0D3195641070029197E /* SimpleRPG */ = {isa = PBXFileReference; lastKnownFileType = "compiled.mach-o.executable"; path = SimpleRPG; sourceTree = "<group>"; };
		B6E1B0D4195641070029197E /* src */ = {isa = PBXFileReference; lastKnownFileType = folder; path = src; sourceTree = "<group>"; };
/* End PBXFileReference section */

/* Begin PBXGroup section */
		B6E1B0C6195641070029197E = {
			isa = PBXGroup;
			children = (
				B6E1B0CC195641070029197E /* .DS_Store */,
				B6E1B0CD195641070029197E /* .git */,
				B6E1B0CE195641070029197E /* .gitignore */,
				B6E1B0CF195641070029197E /* Makefile */,
				B6E1B0D0195641070029197E /* obj */,
				B6E1B0D1195641070029197E /* README.md */,
				B6E1B0D2195641070029197E /* res */,
				B6E1B0D3195641070029197E /* SimpleRPG */,
				B6E1B0D4195641070029197E /* src */,
			);
			sourceTree = "<group>";
		};
/* End PBXGroup section */

/* Begin PBXLegacyTarget section */
		B6E1B0CB195641070029197E /* SimpleRPG */ = {
			isa = PBXLegacyTarget;
			buildArgumentsString = "$(ACTION)";
			buildConfigurationList = B6E1B0D5195641070029197E /* Build configuration list for PBXLegacyTarget "SimpleRPG" */;
			buildPhases = (
			);
			buildToolPath = /usr/bin/make;
			buildWorkingDirectory = /Users/woodne/Documents/SimpleRPG;
			dependencies = (
			);
			name = SimpleRPG;
			passBuildSettingsInEnvironment = 1;
			productName = SimpleRPG;
		};
/* End PBXLegacyTarget section */

/* Begin PBXProject section */
		B6E1B0C7195641070029197E /* Project object */ = {
			isa = PBXProject;
			attributes = {
			};
			buildConfigurationList = B6E1B0CA195641070029197E /* Build configuration list for PBXProject "SimpleRPG" */;
			compatibilityVersion = "Xcode 3.2";
			developmentRegion = English;
			hasScannedForEncodings = 0;
			knownRegions = (
				en,
			);
			mainGroup = B6E1B0C6195641070029197E;
			projectDirPath = "";
			projectRoot = "";
			targets = (
				B6E1B0CB195641070029197E /* SimpleRPG */,
			);
		};
/* End PBXProject section */

/* Begin XCBuildConfiguration section */
		B6E1B0C8195641070029197E /* Debug */ = {
			isa = XCBuildConfiguration;
			buildSettings = {
				ARCHS = "$(ARCHS_STANDARD_32_BIT)";
				COPY_PHASE_STRIP = NO;
				GCC_WARN_ABOUT_RETURN_TYPE = YES;
				GCC_WARN_UNUSED_VARIABLE = YES;
				ONLY_ACTIVE_ARCH = YES;
				SDKROOT = macosx10.6;
			};
			name = Debug;
		};
		B6E1B0C9195641070029197E /* Release */ = {
			isa = XCBuildConfiguration;
			buildSettings = {
				ARCHS = "$(ARCHS_STANDARD_32_BIT)";
				COPY_PHASE_STRIP = YES;
				GCC_WARN_ABOUT_RETURN_TYPE = YES;
				GCC_WARN_UNUSED_VARIABLE = YES;
				SDKROOT = macosx10.6;
			};
			name = Release;
		};
		B6E1B0D6195641070029197E /* Debug */ = {
			isa = XCBuildConfiguration;
			buildSettings = {
				COPY_PHASE_STRIP = NO;
				DEBUGGING_SYMBOLS = YES;
				GCC_DYNAMIC_NO_PIC = NO;
				GCC_ENABLE_FIX_AND_CONTINUE = YES;
				GCC_GENERATE_DEBUGGING_SYMBOLS = YES;
				GCC_OPTIMIZATION_LEVEL = 0;
				OTHER_CFLAGS = "";
				OTHER_LDFLAGS = "";
				PRODUCT_NAME = SimpleRPG;
			};
			name = Debug;
		};
		B6E1B0D7195641070029197E /* Release */ = {
			isa = XCBuildConfiguration;
			buildSettings = {
				COPY_PHASE_STRIP = YES;
				DEBUG_INFORMATION_FORMAT = "dwarf-with-dsym";
				GCC_ENABLE_FIX_AND_CONTINUE = NO;
				OTHER_CFLAGS = "";
				OTHER_LDFLAGS = "";
				PRODUCT_NAME = SimpleRPG;
			};
			name = Release;
		};
/* End XCBuildConfiguration section */

/* Begin XCConfigurationList section */
		B6E1B0CA195641070029197E /* Build configuration list for PBXProject "SimpleRPG" */ = {
			isa = XCConfigurationList;
			buildConfigurations = (
				B6E1B0C8195641070029197E /* Debug */,
				B6E1B0C9195641070029197E /* Release */,
			);
			defaultConfigurationIsVisible = 0;
			defaultConfigurationName = Release;
		};
		B6E1B0D5195641070029197E /* Build configuration list for PBXLegacyTarget "SimpleRPG" */ = {
			isa = XCConfigurationList;
			buildConfigurations = (
				B6E1B0D6195641070029197E /* Debug */,
				B6E1B0D7195641070029197E /* Release */,
			);
			defaultConfigurationIsVisible = 0;
			defaultConfigurationName = Release;
		};
/* End XCConfigurationList section */
	};
	rootObject = B6E1B0C7195641070029197E /* Project object */;
}
